<?xml version="1.0" encoding="utf-8"?>
<Project ToolsVersion="4.0" xmlns="http://schemas.microsoft.com/developer/msbuild/2003">
  <ItemGroup>
    <ClCompile Include="j1App.cpp">
      <Filter>Desenvolupament  ========</Filter>
    </ClCompile>
    <ClCompile Include="j1Main.cpp">
      <Filter>Desenvolupament  ========</Filter>
    </ClCompile>
    <ClCompile Include="p2Log.cpp">
      <Filter>Programacio 2 ===========</Filter>
    </ClCompile>
    <ClCompile Include="j1Scene.cpp">
      <Filter>Desenvolupament  ========\Scenes</Filter>
    </ClCompile>
    <ClCompile Include="PugiXml\src\pugixml.cpp">
      <Filter>Desenvolupament  ========\Tools\PuguiXML</Filter>
    </ClCompile>
    <ClCompile Include="j1PerfTimer.cpp">
      <Filter>Desenvolupament  ========\Tools</Filter>
    </ClCompile>
    <ClCompile Include="j1Timer.cpp">
      <Filter>Desenvolupament  ========\Tools</Filter>
    </ClCompile>
    <ClCompile Include="j1Golem1.cpp">
      <Filter>Desenvolupament  ========\Modules\Entities\Enemies</Filter>
    </ClCompile>
    <ClCompile Include="j1Golem2.cpp">
      <Filter>Desenvolupament  ========\Modules\Entities\Enemies</Filter>
    </ClCompile>
    <ClCompile Include="j1Player.cpp">
      <Filter>Desenvolupament  ========\Modules\Entities\Player</Filter>
    </ClCompile>
    <ClCompile Include="j1Entity.cpp">
      <Filter>Desenvolupament  ========\Modules\Entities\Main Entities</Filter>
    </ClCompile>
    <ClCompile Include="j1EntityManager.cpp">
      <Filter>Desenvolupament  ========\Modules\Entities\Main Entities</Filter>
    </ClCompile>
    <ClCompile Include="j1Audio.cpp">
      <Filter>Desenvolupament  ========\Modules\Code</Filter>
    </ClCompile>
    <ClCompile Include="j1Collider.cpp">
      <Filter>Desenvolupament  ========\Modules\Code</Filter>
    </ClCompile>
    <ClCompile Include="j1FadeToBlack.cpp">
      <Filter>Desenvolupament  ========\Modules\Code</Filter>
    </ClCompile>
    <ClCompile Include="j1Input.cpp">
      <Filter>Desenvolupament  ========\Modules\Code</Filter>
    </ClCompile>
    <ClCompile Include="j1Map.cpp">
      <Filter>Desenvolupament  ========\Modules\Code</Filter>
    </ClCompile>
    <ClCompile Include="j1Pathfinding.cpp">
      <Filter>Desenvolupament  ========\Modules\Code</Filter>
    </ClCompile>
    <ClCompile Include="j1Render.cpp">
      <Filter>Desenvolupament  ========\Modules\Code</Filter>
    </ClCompile>
    <ClCompile Include="j1Textures.cpp">
      <Filter>Desenvolupament  ========\Modules\Code</Filter>
    </ClCompile>
    <ClCompile Include="j1Window.cpp">
      <Filter>Desenvolupament  ========\Modules\Code</Filter>
    </ClCompile>
    <ClCompile Include="j1Bat.cpp">
      <Filter>Desenvolupament  ========\Modules\Entities\Enemies</Filter>
    </ClCompile>
    <ClCompile Include="j1Fonts.cpp">
      <Filter>Desenvolupament  ========\Modules\Code</Filter>
    </ClCompile>
    <ClCompile Include="j1MainMenu.cpp">
      <Filter>Desenvolupament  ========\Modules\Code</Filter>
    </ClCompile>
    <ClCompile Include="j1Gui.cpp">
      <Filter>Desenvolupament  ========\Modules\UI\Main_UI</Filter>
    </ClCompile>
    <ClCompile Include="UI_element.cpp">
      <Filter>Desenvolupament  ========\Modules\UI\Main_UI</Filter>
    </ClCompile>
    <ClCompile Include="j1Coin.cpp">
      <Filter>Desenvolupament  ========\Modules\Entities\UI</Filter>
    </ClCompile>
    <ClCompile Include="j1Heart.cpp">
      <Filter>Desenvolupament  ========\Modules\Entities\UI</Filter>
    </ClCompile>
    <ClCompile Include="UI_Button.cpp">
      <Filter>Desenvolupament  ========\Modules\UI\UI_Elements</Filter>
    </ClCompile>
    <ClCompile Include="j1Image.cpp">
      <Filter>Desenvolupament  ========\Modules\UI\UI_Elements</Filter>
    </ClCompile>
    <ClCompile Include="UI_Slider.cpp">
      <Filter>Desenvolupament  ========\Modules\UI\UI_Elements</Filter>
    </ClCompile>
    <ClCompile Include="UI_Label.cpp">
      <Filter>Desenvolupament  ========\Modules\UI\UI_Elements</Filter>
    </ClCompile>
  </ItemGroup>
  <ItemGroup>
    <ClInclude Include="j1App.h">
      <Filter>Desenvolupament  ========</Filter>
    </ClInclude>
    <ClInclude Include="j1Module.h">
      <Filter>Desenvolupament  ========</Filter>
    </ClInclude>
    <ClInclude Include="p2Defs.h">
      <Filter>Programacio 2 ===========</Filter>
    </ClInclude>
    <ClInclude Include="p2List.h">
      <Filter>Programacio 2 ===========</Filter>
    </ClInclude>
    <ClInclude Include="p2Log.h">
      <Filter>Programacio 2 ===========</Filter>
    </ClInclude>
    <ClInclude Include="p2SString.h">
      <Filter>Programacio 2 ===========</Filter>
    </ClInclude>
    <ClInclude Include="p2Point.h">
      <Filter>Programacio 2 ===========</Filter>
    </ClInclude>
    <ClInclude Include="p2DynArray.h">
      <Filter>Programacio 2 ===========</Filter>
    </ClInclude>
    <ClInclude Include="j1Scene.h">
      <Filter>Desenvolupament  ========\Scenes</Filter>
    </ClInclude>
    <ClInclude Include="PugiXml\src\pugiconfig.hpp">
      <Filter>Desenvolupament  ========\Tools\PuguiXML</Filter>
    </ClInclude>
    <ClInclude Include="PugiXml\src\pugixml.hpp">
      <Filter>Desenvolupament  ========\Tools\PuguiXML</Filter>
    </ClInclude>
    <ClInclude Include="p2Animation.h">
      <Filter>Programacio 2 ===========</Filter>
    </ClInclude>
    <ClInclude Include="j1PerfTimer.h">
      <Filter>Desenvolupament  ========\Tools</Filter>
    </ClInclude>
    <ClInclude Include="j1Timer.h">
      <Filter>Desenvolupament  ========\Tools</Filter>
    </ClInclude>
    <ClInclude Include="j1Golem1.h">
      <Filter>Desenvolupament  ========\Modules\Entities\Enemies</Filter>
    </ClInclude>
    <ClInclude Include="j1Golem2.h">
      <Filter>Desenvolupament  ========\Modules\Entities\Enemies</Filter>
    </ClInclude>
    <ClInclude Include="j1Player.h">
      <Filter>Desenvolupament  ========\Modules\Entities\Player</Filter>
    </ClInclude>
    <ClInclude Include="j1EntityManager.h">
      <Filter>Desenvolupament  ========\Modules\Entities\Main Entities</Filter>
    </ClInclude>
    <ClInclude Include="j1Entity.h">
      <Filter>Desenvolupament  ========\Modules\Entities\Main Entities</Filter>
    </ClInclude>
    <ClInclude Include="j1Audio.h">
      <Filter>Desenvolupament  ========\Modules\Header</Filter>
    </ClInclude>
    <ClInclude Include="j1Collider.h">
      <Filter>Desenvolupament  ========\Modules\Header</Filter>
    </ClInclude>
    <ClInclude Include="j1FadeToBlack.h">
      <Filter>Desenvolupament  ========\Modules\Header</Filter>
    </ClInclude>
    <ClInclude Include="j1Input.h">
      <Filter>Desenvolupament  ========\Modules\Header</Filter>
    </ClInclude>
    <ClInclude Include="j1Map.h">
      <Filter>Desenvolupament  ========\Modules\Header</Filter>
    </ClInclude>
    <ClInclude Include="j1Pathfinding.h">
      <Filter>Desenvolupament  ========\Modules\Header</Filter>
    </ClInclude>
    <ClInclude Include="j1Render.h">
      <Filter>Desenvolupament  ========\Modules\Header</Filter>
    </ClInclude>
    <ClInclude Include="j1Textures.h">
      <Filter>Desenvolupament  ========\Modules\Header</Filter>
    </ClInclude>
    <ClInclude Include="j1Window.h">
      <Filter>Desenvolupament  ========\Modules\Header</Filter>
    </ClInclude>
    <ClInclude Include="j1Bat.h">
      <Filter>Desenvolupament  ========\Modules\Entities\Enemies</Filter>
    </ClInclude>
    <ClInclude Include="j1Fonts.h">
      <Filter>Desenvolupament  ========\Modules\Header</Filter>
    </ClInclude>
    <ClInclude Include="j1MainMenu.h">
      <Filter>Desenvolupament  ========\Modules\Header</Filter>
    </ClInclude>
    <ClInclude Include="j1Gui.h">
      <Filter>Desenvolupament  ========\Modules\UI\Main_UI</Filter>
    </ClInclude>
    <ClInclude Include="UI_element.h">
      <Filter>Desenvolupament  ========\Modules\UI\Main_UI</Filter>
    </ClInclude>
    <ClInclude Include="j1Coin.h">
      <Filter>Desenvolupament  ========\Modules\Entities\UI</Filter>
    </ClInclude>
    <ClInclude Include="j1Heart.h">
      <Filter>Desenvolupament  ========\Modules\Entities\UI</Filter>
    </ClInclude>
    <ClInclude Include="UI_Button.h">
      <Filter>Desenvolupament  ========\Modules\UI\UI_Elements</Filter>
    </ClInclude>
    <ClInclude Include="j1Image.h">
      <Filter>Desenvolupament  ========\Modules\UI\UI_Elements</Filter>
    </ClInclude>
    <ClInclude Include="UI_Slider.h">
      <Filter>Desenvolupament  ========\Modules\UI\UI_Elements</Filter>
    </ClInclude>
    <ClInclude Include="UI_Label.h">
      <Filter>Desenvolupament  ========\Modules\UI\UI_Elements</Filter>
    </ClInclude>
  </ItemGroup>
  <ItemGroup>
    <Filter Include="Programacio 2 ===========">
      <UniqueIdentifier>{a8bfab6a-5472-4969-943e-861a8b493f08}</UniqueIdentifier>
    </Filter>
    <Filter Include="Desenvolupament  ========">
      <UniqueIdentifier>{cb944693-b9d0-484c-bad2-02d5a7cdbec6}</UniqueIdentifier>
    </Filter>
    <Filter Include="Desenvolupament  ========\Tools">
      <UniqueIdentifier>{42c748be-4a37-49de-970f-5be811d06b38}</UniqueIdentifier>
    </Filter>
    <Filter Include="Desenvolupament  ========\Scenes">
      <UniqueIdentifier>{e07660eb-d36f-4cc9-af59-324d31c2f2f6}</UniqueIdentifier>
    </Filter>
    <Filter Include="Desenvolupament  ========\Modules">
      <UniqueIdentifier>{244722d1-90ce-423d-8e7a-556211865a32}</UniqueIdentifier>
    </Filter>
    <Filter Include="Desenvolupament  ========\Tools\PuguiXML">
      <UniqueIdentifier>{7cb78d67-17cc-45eb-af97-e2106becce7b}</UniqueIdentifier>
    </Filter>
    <Filter Include="Desenvolupament  ========\Modules\Entities">
      <UniqueIdentifier>{6fef0588-b0cb-440d-89e6-9a0ea8178d6b}</UniqueIdentifier>
    </Filter>
    <Filter Include="Desenvolupament  ========\Modules\Entities\Enemies">
      <UniqueIdentifier>{853bbc94-f044-4c26-91b7-1b7059b7ae77}</UniqueIdentifier>
    </Filter>
    <Filter Include="Desenvolupament  ========\Modules\Entities\Player">
      <UniqueIdentifier>{34660cb6-c8a8-434e-95b8-779f6344264c}</UniqueIdentifier>
    </Filter>
    <Filter Include="Desenvolupament  ========\Modules\Entities\Main Entities">
      <UniqueIdentifier>{313033e8-8573-4d7f-bb09-e0c35c1c035d}</UniqueIdentifier>
    </Filter>
    <Filter Include="Desenvolupament  ========\Modules\Code">
      <UniqueIdentifier>{893f6d09-9eeb-4523-9a8c-830a6fa31695}</UniqueIdentifier>
    </Filter>
    <Filter Include="Desenvolupament  ========\Modules\Header">
      <UniqueIdentifier>{545c9193-7568-4733-8f6c-9d1ed102230f}</UniqueIdentifier>
    </Filter>
    <Filter Include="Desenvolupament  ========\Modules\Entities\UI">
      <UniqueIdentifier>{4fab73d6-d19c-408f-8c32-49d175e50853}</UniqueIdentifier>
    </Filter>
    <Filter Include="Desenvolupament  ========\Modules\UI">
      <UniqueIdentifier>{89d7bc37-da1f-4e49-a0f3-d019fd8c158b}</UniqueIdentifier>
    </Filter>
    <Filter Include="Desenvolupament  ========\Modules\UI\Main_UI">
      <UniqueIdentifier>{e72010b6-2be1-4fdc-8cfb-5fa78bfec6c8}</UniqueIdentifier>
    </Filter>
    <Filter Include="Desenvolupament  ========\Modules\UI\UI_Elements">
      <UniqueIdentifier>{94c5aec6-166c-40ee-8308-9178a9f9216a}</UniqueIdentifier>
    </Filter>
  </ItemGroup>
</Project>